
Microsoft Visual Studio Solution File, Format Version 12.00
# Visual Studio Version 16
VisualStudioVersion = 16.0.29418.71
MinimumVisualStudioVersion = 10.0.40219.1
Project("{FAE04EC0-301F-11D3-BF4B-00C04F79EFBC}") = "Lab13", "Lab13\Lab13.csproj", "{B14DCB95-C580-4614-8E7A-27F797ABE17E}"
EndProject
Global
	GlobalSection(SolutionConfigurationPlatforms) = preSolution
		Debug|Any CPU = Debug|Any CPU
		Release|Any CPU = Release|Any CPU
	EndGlobalSection
	GlobalSection(ProjectConfigurationPlatforms) = postSolution
		{B14DCB95-C580-4614-8E7A-27F797ABE17E}.Debug|Any CPU.ActiveCfg = Debug|Any CPU
		{B14DCB95-C580-4614-8E7A-27F797ABE17E}.Debug|Any CPU.Build.0 = Debug|Any CPU
		{B14DCB95-C580-4614-8E7A-27F797ABE17E}.Release|Any CPU.ActiveCfg = Release|Any CPU
		{B14DCB95-C580-4614-8E7A-27F797ABE17E}.Release|Any CPU.Build.0 = Release|Any CPU
	EndGlobalSection
	GlobalSection(SolutionProperties) = preSolution
		HideSolutionNode = FALSE
	EndGlobalSection
	GlobalSection(ExtensibilityGlobals) = postSolution
		SolutionGuid = {FA74454A-807A-4FA0-A582-ADDADEB123A5}
	EndGlobalSection
EndGlobal
